
Microsoft Visual Studio Solution File, Format Version 12.00
# Visual Studio Version 17
VisualStudioVersion = 17.11.35222.181
MinimumVisualStudioVersion = 10.0.40219.1
Project("{FAE04EC0-301F-11D3-BF4B-00C04F79EFBC}") = "ElectronicDiary", "ElectronicDiary\ElectronicDiary.csproj", "{2DF408FB-47B8-474D-A400-3469BC2575DF}"
EndProject
Global
	GlobalSection(SolutionConfigurationPlatforms) = preSolution
		Debug|Any CPU = Debug|Any CPU
		Release|Any CPU = Release|Any CPU
	EndGlobalSection
	GlobalSection(ProjectConfigurationPlatforms) = postSolution
		{2DF408FB-47B8-474D-A400-3469BC2575DF}.Debug|Any CPU.ActiveCfg = Debug|Any CPU
		{2DF408FB-47B8-474D-A400-3469BC2575DF}.Debug|Any CPU.Build.0 = Debug|Any CPU
		{2DF408FB-47B8-474D-A400-3469BC2575DF}.Release|Any CPU.ActiveCfg = Release|Any CPU
		{2DF408FB-47B8-474D-A400-3469BC2575DF}.Release|Any CPU.Build.0 = Release|Any CPU
	EndGlobalSection
	GlobalSection(SolutionProperties) = preSolution
		HideSolutionNode = FALSE
	EndGlobalSection
	GlobalSection(ExtensibilityGlobals) = postSolution
		SolutionGuid = {A21299BA-D548-4969-8590-BB2EA5497C27}
	EndGlobalSection
EndGlobal
